
Microsoft Visual Studio Solution File, Format Version 12.00
# Visual Studio Version 16
VisualStudioVersion = 16.0.31729.503
MinimumVisualStudioVersion = 10.0.40219.1
Project("{FAE04EC0-301F-11D3-BF4B-00C04F79EFBC}") = "DesafioIndigo", "DesafioIndigo\DesafioIndigo.csproj", "{09B99323-536A-4720-89F6-EA76CA6F2C9C}"
EndProject
Global
	GlobalSection(SolutionConfigurationPlatforms) = preSolution
		Debug|Any CPU = Debug|Any CPU
		Release|Any CPU = Release|Any CPU
	EndGlobalSection
	GlobalSection(ProjectConfigurationPlatforms) = postSolution
		{09B99323-536A-4720-89F6-EA76CA6F2C9C}.Debug|Any CPU.ActiveCfg = Debug|Any CPU
		{09B99323-536A-4720-89F6-EA76CA6F2C9C}.Debug|Any CPU.Build.0 = Debug|Any CPU
		{09B99323-536A-4720-89F6-EA76CA6F2C9C}.Release|Any CPU.ActiveCfg = Release|Any CPU
		{09B99323-536A-4720-89F6-EA76CA6F2C9C}.Release|Any CPU.Build.0 = Release|Any CPU
	EndGlobalSection
	GlobalSection(SolutionProperties) = preSolution
		HideSolutionNode = FALSE
	EndGlobalSection
	GlobalSection(ExtensibilityGlobals) = postSolution
		SolutionGuid = {00E71DC3-7C20-42EE-BF31-A76F0B26F3C6}
	EndGlobalSection
EndGlobal
